<?xml version="1.0" encoding="utf-8"?>
<Project ToolsVersion="4.0" xmlns="http://schemas.microsoft.com/developer/msbuild/2003">
  <ItemGroup>
    <Filter Include="Source Files">
      <UniqueIdentifier>{4FC737F1-C7A5-4376-A066-2A32D752A2FF}</UniqueIdentifier>
      <Extensions>cpp;c;cc;cxx;c++;cppm;ixx;def;odl;idl;hpj;bat;asm;asmx</Extensions>
    </Filter>
    <Filter Include="Header Files">
      <UniqueIdentifier>{93995380-89BD-4b04-88EB-625FBE52EBFB}</UniqueIdentifier>
      <Extensions>h;hh;hpp;hxx;h++;hm;inl;inc;ipp;xsd</Extensions>
    </Filter>
    <Filter Include="Resource Files">
      <UniqueIdentifier>{67DA6AB6-F800-4c08-8B7A-83BB121AAD01}</UniqueIdentifier>
      <Extensions>rc;ico;cur;bmp;dlg;rc2;rct;bin;rgs;gif;jpg;jpeg;jpe;resx;tiff;tif;png;wav;mfcribbon-ms</Extensions>
    </Filter>
    <Filter Include="shaders">
      <UniqueIdentifier>{d6ca4009-877c-4d89-9774-b4c1370f02f1}</UniqueIdentifier>
    </Filter>
    <Filter Include="media">
      <UniqueIdentifier>{81e137b1-4ea3-4abe-829a-6f64bc994cb6}</UniqueIdentifier>
    </Filter>
    <Filter Include="helper">
      <UniqueIdentifier>{6efe3a76-edc0-4f6f-b45a-1869ab863c2c}</UniqueIdentifier>
    </Filter>
    <Filter Include="Additional Files">
      <UniqueIdentifier>{f58e6ada-0402-403d-b057-336a62c4f3cc}</UniqueIdentifier>
    </Filter>
    <Filter Include="helper\stb">
      <UniqueIdentifier>{4cdcf606-56e5-49a6-9e23-5c61a5a98c8c}</UniqueIdentifier>
    </Filter>
    <Filter Include="shaders\Skybox">
      <UniqueIdentifier>{07b3eac6-79e5-4901-b10b-88b0545aa723}</UniqueIdentifier>
    </Filter>
    <Filter Include="ImGui3">
      <UniqueIdentifier>{160322e9-4a3d-4236-9a4d-8f66ed1ac26e}</UniqueIdentifier>
    </Filter>
    <Filter Include="gl3w">
      <UniqueIdentifier>{8da06cec-60c3-4730-bc6c-7b54ab1f67b3}</UniqueIdentifier>
    </Filter>
    <Filter Include="helper\stb\NewItems">
      <UniqueIdentifier>{d8f15a19-813c-4e9d-8feb-177a66b4031d}</UniqueIdentifier>
    </Filter>
    <Filter Include="shaders\WireFrame">
      <UniqueIdentifier>{c08dbdb9-2c1c-44c5-9313-5b04e655210a}</UniqueIdentifier>
    </Filter>
    <Filter Include="shaders\Silhouette">
      <UniqueIdentifier>{2f4d90bd-726d-4f2c-bde8-b4afa6630cfc}</UniqueIdentifier>
    </Filter>
    <Filter Include="shaders\Clouds">
      <UniqueIdentifier>{2291cb2b-29da-405e-8c76-f1a2ea6c1a87}</UniqueIdentifier>
    </Filter>
    <Filter Include="shaders\ShadowSilhouette">
      <UniqueIdentifier>{154a3e08-5795-4891-bf54-bc1369dff713}</UniqueIdentifier>
    </Filter>
    <Filter Include="shaders\NightVision">
      <UniqueIdentifier>{dc20b2b7-eab4-4ca4-882b-13e223c80776}</UniqueIdentifier>
    </Filter>
    <Filter Include="shaders\Gaussin">
      <UniqueIdentifier>{7970fe15-db9e-477e-bb95-709d969a3caf}</UniqueIdentifier>
    </Filter>
    <Filter Include="shaders\ShadowParticle">
      <UniqueIdentifier>{2e34eaa7-82ca-4fe2-a227-0eea59f3c1ae}</UniqueIdentifier>
    </Filter>
    <Filter Include="shaders\EdgeDetection">
      <UniqueIdentifier>{1debf851-20e6-464a-a587-2ac865c6fcee}</UniqueIdentifier>
    </Filter>
    <Filter Include="shaders\SmokeEffects">
      <UniqueIdentifier>{a5ae7554-8efe-482a-bfe1-cb033da61328}</UniqueIdentifier>
    </Filter>
    <Filter Include="shaders\Custom Particle Effects">
      <UniqueIdentifier>{3b4cf728-b379-4258-b45d-bf7a6cc16298}</UniqueIdentifier>
    </Filter>
    <Filter Include="shaders\Wood">
      <UniqueIdentifier>{60297c66-9566-4582-9b03-10f9de1d92a4}</UniqueIdentifier>
    </Filter>
  </ItemGroup>
  <ItemGroup>
    <ClCompile Include="main.cpp">
      <Filter>Source Files</Filter>
    </ClCompile>
    <ClCompile Include="scenebasic_uniform.cpp">
      <Filter>Source Files</Filter>
    </ClCompile>
    <ClCompile Include="glad.c">
      <Filter>Source Files</Filter>
    </ClCompile>
    <ClCompile Include="helper\glslprogram.cpp">
      <Filter>helper</Filter>
    </ClCompile>
    <ClCompile Include="helper\glutils.cpp">
      <Filter>helper</Filter>
    </ClCompile>
    <ClCompile Include="helper\texture.cpp">
      <Filter>helper</Filter>
    </ClCompile>
    <ClCompile Include="Additional Files\objmesh.cpp">
      <Filter>Additional Files</Filter>
    </ClCompile>
    <ClCompile Include="Additional Files\plane.cpp">
      <Filter>Additional Files</Filter>
    </ClCompile>
    <ClCompile Include="Additional Files\trianglemesh.cpp">
      <Filter>Additional Files</Filter>
    </ClCompile>
    <ClCompile Include="helper\stb\stb_image.cpp">
      <Filter>helper\stb</Filter>
    </ClCompile>
    <ClCompile Include="helper\skybox.cpp">
      <Filter>helper</Filter>
    </ClCompile>
    <ClCompile Include="gl3w\gl3w.c">
      <Filter>gl3w</Filter>
    </ClCompile>
    <ClCompile Include="imGUI\imgui.cpp">
      <Filter>ImGui3</Filter>
    </ClCompile>
    <ClCompile Include="imGUI\imgui_demo.cpp">
      <Filter>ImGui3</Filter>
    </ClCompile>
    <ClCompile Include="imGUI\imgui_draw.cpp">
      <Filter>ImGui3</Filter>
    </ClCompile>
    <ClCompile Include="imGUI\imgui_impl_opengl3.cpp">
      <Filter>ImGui3</Filter>
    </ClCompile>
    <ClCompile Include="imGUI\imgui_tables.cpp">
      <Filter>ImGui3</Filter>
    </ClCompile>
    <ClCompile Include="imGUI\imgui_widgets.cpp">
      <Filter>ImGui3</Filter>
    </ClCompile>
    <ClCompile Include="imGUI\imgui_impl_glfw.cpp">
      <Filter>ImGui3</Filter>
    </ClCompile>
    <ClCompile Include="helper\noisetex.cpp">
      <Filter>helper</Filter>
    </ClCompile>
    <ClCompile Include="helper\frustum.cpp">
      <Filter>helper</Filter>
    </ClCompile>
    <ClCompile Include="helper\torus.cpp">
      <Filter>helper</Filter>
    </ClCompile>
  </ItemGroup>
  <ItemGroup>
    <ClInclude Include="scenebasic_uniform.h">
      <Filter>Header Files</Filter>
    </ClInclude>
    <ClInclude Include="helper\glslprogram.h">
      <Filter>helper</Filter>
    </ClInclude>
    <ClInclude Include="helper\glutils.h">
      <Filter>helper</Filter>
    </ClInclude>
    <ClInclude Include="helper\scene.h">
      <Filter>helper</Filter>
    </ClInclude>
    <ClInclude Include="helper\scenerunner.h">
      <Filter>helper</Filter>
    </ClInclude>
    <ClInclude Include="helper\texture.h">
      <Filter>helper</Filter>
    </ClInclude>
    <ClInclude Include="Additional Files\aabb.h">
      <Filter>Additional Files</Filter>
    </ClInclude>
    <ClInclude Include="Additional Files\drawable.h">
      <Filter>Additional Files</Filter>
    </ClInclude>
    <ClInclude Include="Additional Files\glutils.h">
      <Filter>Additional Files</Filter>
    </ClInclude>
    <ClInclude Include="Additional Files\objmesh.h">
      <Filter>Additional Files</Filter>
    </ClInclude>
    <ClInclude Include="Additional Files\plane.h">
      <Filter>Additional Files</Filter>
    </ClInclude>
    <ClInclude Include="Additional Files\trianglemesh.h">
      <Filter>Additional Files</Filter>
    </ClInclude>
    <ClInclude Include="Additional Files\utils.h">
      <Filter>Additional Files</Filter>
    </ClInclude>
    <ClInclude Include="helper\stb\stb_image.h">
      <Filter>helper\stb</Filter>
    </ClInclude>
    <ClInclude Include="helper\stb\stb_image_write.h">
      <Filter>helper\stb</Filter>
    </ClInclude>
    <ClInclude Include="helper\skybox.h">
      <Filter>helper</Filter>
    </ClInclude>
    <ClInclude Include="gl3w\gl3w.h">
      <Filter>gl3w</Filter>
    </ClInclude>
    <ClInclude Include="gl3w\glcorearb.h">
      <Filter>gl3w</Filter>
    </ClInclude>
    <ClInclude Include="helper\stb\imstb_rectpack.h">
      <Filter>helper\stb\NewItems</Filter>
    </ClInclude>
    <ClInclude Include="helper\stb\imstb_textedit.h">
      <Filter>helper\stb\NewItems</Filter>
    </ClInclude>
    <ClInclude Include="helper\stb\imstb_truetype.h">
      <Filter>helper\stb\NewItems</Filter>
    </ClInclude>
    <ClInclude Include="imGUI\imconfig.h">
      <Filter>ImGui3</Filter>
    </ClInclude>
    <ClInclude Include="imGUI\imgui.h">
      <Filter>ImGui3</Filter>
    </ClInclude>
    <ClInclude Include="imGUI\imgui_impl_opengl3.h">
      <Filter>ImGui3</Filter>
    </ClInclude>
    <ClInclude Include="imGUI\imgui_internal.h">
      <Filter>ImGui3</Filter>
    </ClInclude>
    <ClInclude Include="imGUI\imgui_impl_glfw.h">
      <Filter>ImGui3</Filter>
    </ClInclude>
    <ClInclude Include="helper\noisetex.h">
      <Filter>helper</Filter>
    </ClInclude>
    <ClInclude Include="helper\particleutils.h">
      <Filter>helper</Filter>
    </ClInclude>
    <ClInclude Include="helper\frustum.h">
      <Filter>helper</Filter>
    </ClInclude>
    <ClInclude Include="helper\random.h">
      <Filter>Header Files</Filter>
    </ClInclude>
    <ClInclude Include="helper\torus.h">
      <Filter>helper</Filter>
    </ClInclude>
  </ItemGroup>
  <ItemGroup>
    <None Include="shader\SkyBox.frag">
      <Filter>shaders\Skybox</Filter>
    </None>
    <None Include="shader\SkyBox.vert">
      <Filter>shaders\Skybox</Filter>
    </None>
    <None Include="shader\Wireframe\Wireframe.frag">
      <Filter>shaders\WireFrame</Filter>
    </None>
    <None Include="shader\Wireframe\Wireframe.geom">
      <Filter>shaders\WireFrame</Filter>
    </None>
    <None Include="shader\Wireframe\Wireframe.vert">
      <Filter>shaders\WireFrame</Filter>
    </None>
    <None Include="shader\Silhouette\Silhouette.frag">
      <Filter>shaders\Silhouette</Filter>
    </None>
    <None Include="shader\Silhouette\Silhouette.geom">
      <Filter>shaders\Silhouette</Filter>
    </None>
    <None Include="shader\Silhouette\Silhouette.vert">
      <Filter>shaders\Silhouette</Filter>
    </None>
    <None Include="shader\Clouds\Clouds.frag">
      <Filter>shaders\Clouds</Filter>
    </None>
    <None Include="shader\Clouds\Clouds.vert">
      <Filter>shaders\Clouds</Filter>
    </None>
    <None Include="shader\Wood\Wood.frag">
      <Filter>shaders\Wood</Filter>
    </None>
    <None Include="shader\Wood\Wood.vert">
      <Filter>shaders\Wood</Filter>
    </None>
    <None Include="shader\ShadowSilhouette\Comp.frag">
      <Filter>shaders\ShadowSilhouette</Filter>
    </None>
    <None Include="shader\ShadowSilhouette\Comp.vert">
      <Filter>shaders\ShadowSilhouette</Filter>
    </None>
    <None Include="shader\ShadowSilhouette\Render.frag">
      <Filter>shaders\ShadowSilhouette</Filter>
    </None>
    <None Include="shader\ShadowSilhouette\Render.vert">
      <Filter>shaders\ShadowSilhouette</Filter>
    </None>
    <None Include="shader\ShadowSilhouette\Volume.frag">
      <Filter>shaders\ShadowSilhouette</Filter>
    </None>
    <None Include="shader\ShadowSilhouette\Volume.geom">
      <Filter>shaders\ShadowSilhouette</Filter>
    </None>
    <None Include="shader\ShadowSilhouette\Volume.vert">
      <Filter>shaders\ShadowSilhouette</Filter>
    </None>
    <None Include="shader\ShadowSilhouette\Render.geom">
      <Filter>shaders\ShadowSilhouette</Filter>
    </None>
    <None Include="shader\NightVision\NightVision.frag">
      <Filter>shaders\NightVision</Filter>
    </None>
    <None Include="shader\NightVision\NightVision.vert">
      <Filter>shaders\NightVision</Filter>
    </None>
    <None Include="shader\Gaussin\Gaussin.frag">
      <Filter>shaders\Gaussin</Filter>
    </None>
    <None Include="shader\Gaussin\Gaussin.vert">
      <Filter>shaders\Gaussin</Filter>
    </None>
    <None Include="shader\EdgeDetection\EdgeDetection.frag">
      <Filter>shaders\EdgeDetection</Filter>
    </None>
    <None Include="shader\EdgeDetection\EdgeDetection.vert">
      <Filter>shaders\EdgeDetection</Filter>
    </None>
    <None Include="shader\SmokeEffect\SmokeEffect.frag">
      <Filter>shaders\SmokeEffects</Filter>
    </None>
    <None Include="shader\SmokeEffect\SmokeEffect.vert">
      <Filter>shaders\SmokeEffects</Filter>
    </None>
    <None Include="shader\CustomP\CustomP.frag">
      <Filter>shaders\Custom Particle Effects</Filter>
    </None>
    <None Include="shader\CustomP\CustomP.vert">
      <Filter>shaders\Custom Particle Effects</Filter>
    </None>
    <None Include="shader\ShadowPart\ShadowPart.frag">
      <Filter>shaders\ShadowParticle</Filter>
    </None>
    <None Include="shader\ShadowPart\ShadowPart.vert">
      <Filter>shaders\ShadowParticle</Filter>
    </None>
  </ItemGroup>
</Project>